
Microsoft Visual Studio Solution File, Format Version 12.00
# Visual Studio 15
VisualStudioVersion = 15.0.26114.2
MinimumVisualStudioVersion = 10.0.40219.1
Project("{FAE04EC0-301F-11D3-BF4B-00C04F79EFBC}") = "FranceConnect.DataProvider", "FranceConnect.DataProvider\FranceConnect.DataProvider.csproj", "{87F11C1F-1CA1-44B1-A1C1-6222C633C361}"
EndProject
Project("{FAE04EC0-301F-11D3-BF4B-00C04F79EFBC}") = "WebApi-Data-Provider-DotNet", "WebApi-Data-Provider-DotNet\WebApi-Data-Provider-DotNet.csproj", "{BC5277BB-B505-4A5D-A90B-67497F727531}"
EndProject
Global
	GlobalSection(SolutionConfigurationPlatforms) = preSolution
		Debug|Any CPU = Debug|Any CPU
		Release|Any CPU = Release|Any CPU
	EndGlobalSection
	GlobalSection(ProjectConfigurationPlatforms) = postSolution
		{87F11C1F-1CA1-44B1-A1C1-6222C633C361}.Debug|Any CPU.ActiveCfg = Debug|Any CPU
		{87F11C1F-1CA1-44B1-A1C1-6222C633C361}.Debug|Any CPU.Build.0 = Debug|Any CPU
		{87F11C1F-1CA1-44B1-A1C1-6222C633C361}.Release|Any CPU.ActiveCfg = Release|Any CPU
		{87F11C1F-1CA1-44B1-A1C1-6222C633C361}.Release|Any CPU.Build.0 = Release|Any CPU
		{BC5277BB-B505-4A5D-A90B-67497F727531}.Debug|Any CPU.ActiveCfg = Debug|Any CPU
		{BC5277BB-B505-4A5D-A90B-67497F727531}.Debug|Any CPU.Build.0 = Debug|Any CPU
		{BC5277BB-B505-4A5D-A90B-67497F727531}.Release|Any CPU.ActiveCfg = Release|Any CPU
		{BC5277BB-B505-4A5D-A90B-67497F727531}.Release|Any CPU.Build.0 = Release|Any CPU
	EndGlobalSection
	GlobalSection(SolutionProperties) = preSolution
		HideSolutionNode = FALSE
	EndGlobalSection
EndGlobal
